<?xml version="1.0" encoding="utf-8"?>
<Project ToolsVersion="4.0" xmlns="http://schemas.microsoft.com/developer/msbuild/2003">
  <ItemGroup>
    <Filter Include="Modules">
      <UniqueIdentifier>{4FC737F1-C7A5-4376-A066-2A32D752A2FF}</UniqueIdentifier>
      <Extensions>cpp;c;cc;cxx;def;odl;idl;hpj;bat;asm;asmx</Extensions>
    </Filter>
    <Filter Include="Modules\GUI">
      <UniqueIdentifier>{389209c6-bd82-4ff8-a64f-23023c1f6efe}</UniqueIdentifier>
    </Filter>
    <Filter Include="Modules\GUI\src">
      <UniqueIdentifier>{7ee0005d-6e9f-4d0d-8c90-059b27c1e733}</UniqueIdentifier>
    </Filter>
    <Filter Include="Modules\GUI\src\Core">
      <UniqueIdentifier>{844c9c43-30a1-464e-ac22-efeb8b716bed}</UniqueIdentifier>
    </Filter>
    <Filter Include="Modules\GUI\src\Interfaces">
      <UniqueIdentifier>{d72c762f-64ea-4ca9-8435-d517975cad51}</UniqueIdentifier>
    </Filter>
    <Filter Include="Modules\GUI\include">
      <UniqueIdentifier>{50b026e5-3e7c-4eb6-b41f-27b73d0bd632}</UniqueIdentifier>
    </Filter>
    <Filter Include="Modules\GUI\include\Core">
      <UniqueIdentifier>{eda67db1-82d4-48e6-81ce-46139dc1f68f}</UniqueIdentifier>
    </Filter>
    <Filter Include="Modules\GUI\include\Interfaces">
      <UniqueIdentifier>{1f02ac27-98fe-4b6a-96c2-b77e5079d295}</UniqueIdentifier>
    </Filter>
    <Filter Include="Modules\GUI\test">
      <UniqueIdentifier>{682580cd-4713-413d-bbbb-8eb13dc4d9fc}</UniqueIdentifier>
    </Filter>
    <Filter Include="Modules\Rendering">
      <UniqueIdentifier>{642d5332-83a4-45b8-817f-7c6a80cd8f88}</UniqueIdentifier>
    </Filter>
    <Filter Include="Modules\Rendering\include">
      <UniqueIdentifier>{cc10610b-514b-43e7-8325-d3d17e2e6d5d}</UniqueIdentifier>
    </Filter>
    <Filter Include="Modules\Rendering\include\Core">
      <UniqueIdentifier>{dbb6c0c8-bf19-493c-af81-a862555ca477}</UniqueIdentifier>
    </Filter>
    <Filter Include="Modules\Rendering\include\Model">
      <UniqueIdentifier>{374d54ae-80c7-4a5b-a645-15d89138eecc}</UniqueIdentifier>
    </Filter>
    <Filter Include="Modules\Rendering\include\Operators">
      <UniqueIdentifier>{4adb379e-dea9-402b-a063-bcc005e70271}</UniqueIdentifier>
    </Filter>
    <Filter Include="Modules\Rendering\test">
      <UniqueIdentifier>{950a4053-cb67-4e9f-adb8-86484401b4ff}</UniqueIdentifier>
    </Filter>
    <Filter Include="Modules\Rendering\src">
      <UniqueIdentifier>{aef6e42a-ad36-4871-bb89-a60883845254}</UniqueIdentifier>
    </Filter>
    <Filter Include="Modules\Rendering\src\Core">
      <UniqueIdentifier>{1d81441f-29cb-4d0f-a5e4-60a5f5868165}</UniqueIdentifier>
    </Filter>
    <Filter Include="Modules\Rendering\src\Model">
      <UniqueIdentifier>{e9fdac61-67aa-4dfc-948c-839535a81039}</UniqueIdentifier>
    </Filter>
    <Filter Include="Modules\Rendering\src\Shaders">
      <UniqueIdentifier>{f6a81831-fb56-4d70-8688-b2835d62f45f}</UniqueIdentifier>
    </Filter>
    <Filter Include="Modules\Rendering\src\Operators">
      <UniqueIdentifier>{a9a14ef6-ce71-4aa2-a02f-48df58e7453b}</UniqueIdentifier>
    </Filter>
    <Filter Include="Modules\MeshEditor">
      <UniqueIdentifier>{6c1b3bc1-c78f-4787-8f40-53cfe8ec3832}</UniqueIdentifier>
    </Filter>
    <Filter Include="Modules\MeshEditor\include">
      <UniqueIdentifier>{6ac38457-5be5-47ab-851b-cc090a926e96}</UniqueIdentifier>
    </Filter>
    <Filter Include="Modules\MeshEditor\include\Controllers">
      <UniqueIdentifier>{02e61a90-a841-4956-af76-d983863ccfc0}</UniqueIdentifier>
    </Filter>
    <Filter Include="Modules\MeshEditor\include\Views">
      <UniqueIdentifier>{b4afc971-d3bc-4c9c-8190-9c43697ca5fc}</UniqueIdentifier>
    </Filter>
    <Filter Include="Modules\MeshEditor\test">
      <UniqueIdentifier>{f1646b92-1011-4eb7-9d8a-6b8f53be6166}</UniqueIdentifier>
    </Filter>
    <Filter Include="Modules\MeshEditor\src">
      <UniqueIdentifier>{42edb795-8c1c-4cae-9197-948fc6126ebb}</UniqueIdentifier>
    </Filter>
    <Filter Include="Modules\MeshEditor\src\Views">
      <UniqueIdentifier>{38230471-568a-4284-a57f-b60fad1519c8}</UniqueIdentifier>
    </Filter>
    <Filter Include="Modules\MeshEditor\src\Controllers">
      <UniqueIdentifier>{89bf6824-82e0-4289-b980-d624d85ca121}</UniqueIdentifier>
    </Filter>
  </ItemGroup>
  <ItemGroup>
    <None Include="Makefile" />
    <None Include="modules\Rendering\src\Shaders\fragmentShader.glsl">
      <Filter>Modules\Rendering\src\Shaders</Filter>
    </None>
    <None Include="modules\Rendering\src\Shaders\vertexShader.glsl">
      <Filter>Modules\Rendering\src\Shaders</Filter>
    </None>
  </ItemGroup>
  <ItemGroup>
    <ClInclude Include="modules\GUI\include\GUI\Dialog.h">
      <Filter>Modules\GUI\include\Interfaces</Filter>
    </ClInclude>
    <ClInclude Include="modules\GUI\include\GUI\Panel.h">
      <Filter>Modules\GUI\include\Interfaces</Filter>
    </ClInclude>
    <ClInclude Include="modules\GUI\include\GUI\Window.h">
      <Filter>Modules\GUI\include\Interfaces</Filter>
    </ClInclude>
    <ClInclude Include="modules\GUI\include\GUI\WindowManager.h">
      <Filter>Modules\GUI\include\Interfaces</Filter>
    </ClInclude>
    <ClInclude Include="modules\GUI\include\GUI\WindowListener.h">
      <Filter>Modules\GUI\include\Interfaces</Filter>
    </ClInclude>
    <ClInclude Include="modules\GUI\include\GUI\MouseListener.h">
      <Filter>Modules\GUI\include\Interfaces</Filter>
    </ClInclude>
    <ClInclude Include="modules\GUI\include\GUI\GlfwWindow.h">
      <Filter>Modules\GUI\include\Core</Filter>
    </ClInclude>
    <ClInclude Include="modules\GUI\include\GUI\GlfwWindowManager.h">
      <Filter>Modules\GUI\include\Core</Filter>
    </ClInclude>
    <ClInclude Include="modules\GUI\include\GUI\ImGuiDialog.h">
      <Filter>Modules\GUI\include\Core</Filter>
    </ClInclude>
    <ClInclude Include="modules\Rendering\include\Rendering\Face.h">
      <Filter>Modules\Rendering\include\Model</Filter>
    </ClInclude>
    <ClInclude Include="modules\Rendering\include\Rendering\HalfEdge.h">
      <Filter>Modules\Rendering\include\Model</Filter>
    </ClInclude>
    <ClInclude Include="modules\Rendering\include\Rendering\Mesh.h">
      <Filter>Modules\Rendering\include\Model</Filter>
    </ClInclude>
    <ClInclude Include="modules\Rendering\include\Rendering\Vertex.h">
      <Filter>Modules\Rendering\include\Model</Filter>
    </ClInclude>
    <ClInclude Include="modules\Rendering\include\Rendering\MeshRenderer.h">
      <Filter>Modules\Rendering\include\Core</Filter>
    </ClInclude>
    <ClInclude Include="modules\Rendering\include\Rendering\MeshConverter.h">
      <Filter>Modules\Rendering\include\Operators</Filter>
    </ClInclude>
    <ClInclude Include="modules\Rendering\include\Rendering\MeshTransformation.h">
      <Filter>Modules\Rendering\include\Operators</Filter>
    </ClInclude>
    <ClInclude Include="modules\Rendering\include\Rendering\ObjReader.h">
      <Filter>Modules\Rendering\include\Operators</Filter>
    </ClInclude>
    <ClInclude Include="modules\Rendering\include\Rendering\ShaderLoader.h">
      <Filter>Modules\Rendering\include\Operators</Filter>
    </ClInclude>
    <ClInclude Include="modules\Rendering\include\Rendering\Utility.h">
      <Filter>Modules\Rendering\include\Operators</Filter>
    </ClInclude>
    <ClInclude Include="modules\Rendering\include\Rendering\ViewerUtility.h">
      <Filter>Modules\Rendering\include\Operators</Filter>
    </ClInclude>
    <ClInclude Include="modules\MeshEditor\include\MeshEditor\CameraController.h">
      <Filter>Modules\MeshEditor\include\Controllers</Filter>
    </ClInclude>
    <ClInclude Include="modules\MeshEditor\include\MeshEditor\FileController.h">
      <Filter>Modules\MeshEditor\include\Controllers</Filter>
    </ClInclude>
    <ClInclude Include="modules\MeshEditor\include\MeshEditor\MeshEditorController.h">
      <Filter>Modules\MeshEditor\include\Controllers</Filter>
    </ClInclude>
    <ClInclude Include="modules\MeshEditor\include\MeshEditor\FilePanel.h">
      <Filter>Modules\MeshEditor\include\Views</Filter>
    </ClInclude>
    <ClInclude Include="modules\MeshEditor\include\MeshEditor\MeshDialog.h">
      <Filter>Modules\MeshEditor\include\Views</Filter>
    </ClInclude>
    <ClInclude Include="modules\MeshEditor\include\MeshEditor\MeshEditorPanel.h">
      <Filter>Modules\MeshEditor\include\Views</Filter>
    </ClInclude>
  </ItemGroup>
  <ItemGroup>
    <ClCompile Include="modules\GUI\src\Core\GlfwWindow.cpp">
      <Filter>Modules\GUI\src\Core</Filter>
    </ClCompile>
    <ClCompile Include="modules\GUI\src\Core\GlfwWindowManager.cpp">
      <Filter>Modules\GUI\src\Core</Filter>
    </ClCompile>
    <ClCompile Include="modules\GUI\src\Core\ImGuiDialog.cpp">
      <Filter>Modules\GUI\src\Core</Filter>
    </ClCompile>
    <ClCompile Include="modules\GUI\src\Interfaces\Dialog.cpp">
      <Filter>Modules\GUI\src\Interfaces</Filter>
    </ClCompile>
    <ClCompile Include="modules\GUI\src\Interfaces\Panel.cpp">
      <Filter>Modules\GUI\src\Interfaces</Filter>
    </ClCompile>
    <ClCompile Include="modules\GUI\src\Interfaces\Window.cpp">
      <Filter>Modules\GUI\src\Interfaces</Filter>
    </ClCompile>
    <ClCompile Include="modules\GUI\src\Interfaces\WindowManager.cpp">
      <Filter>Modules\GUI\src\Interfaces</Filter>
    </ClCompile>
    <ClCompile Include="modules\MeshEditor\src\Controllers\CameraController.cpp">
      <Filter>Modules\MeshEditor\src\Controllers</Filter>
    </ClCompile>
    <ClCompile Include="modules\MeshEditor\src\Controllers\FileController.cpp">
      <Filter>Modules\MeshEditor\src\Controllers</Filter>
    </ClCompile>
    <ClCompile Include="modules\MeshEditor\src\Controllers\MeshEditorController.cpp">
      <Filter>Modules\MeshEditor\src\Controllers</Filter>
    </ClCompile>
    <ClCompile Include="modules\MeshEditor\src\Views\FilePanel.cpp">
      <Filter>Modules\MeshEditor\src\Views</Filter>
    </ClCompile>
    <ClCompile Include="modules\MeshEditor\src\Views\MeshDialog.cpp">
      <Filter>Modules\MeshEditor\src\Views</Filter>
    </ClCompile>
    <ClCompile Include="modules\MeshEditor\src\Views\MeshEditorPanel.cpp">
      <Filter>Modules\MeshEditor\src\Views</Filter>
    </ClCompile>
    <ClCompile Include="modules\MeshEditor\src\main.cpp">
      <Filter>Modules\MeshEditor\src</Filter>
    </ClCompile>
    <ClCompile Include="modules\Rendering\src\Core\MeshRenderer.cpp">
      <Filter>Modules\Rendering\src\Core</Filter>
    </ClCompile>
    <ClCompile Include="modules\Rendering\src\Model\Face.cpp">
      <Filter>Modules\Rendering\src\Model</Filter>
    </ClCompile>
    <ClCompile Include="modules\Rendering\src\Model\HalfEdge.cpp">
      <Filter>Modules\Rendering\src\Model</Filter>
    </ClCompile>
    <ClCompile Include="modules\Rendering\src\Model\Mesh.cpp">
      <Filter>Modules\Rendering\src\Model</Filter>
    </ClCompile>
    <ClCompile Include="modules\Rendering\src\Model\Vertex.cpp">
      <Filter>Modules\Rendering\src\Model</Filter>
    </ClCompile>
    <ClCompile Include="modules\Rendering\src\Operators\MeshConverter.cpp">
      <Filter>Modules\Rendering\src\Operators</Filter>
    </ClCompile>
    <ClCompile Include="modules\Rendering\src\Operators\MeshTransformation.cpp">
      <Filter>Modules\Rendering\src\Operators</Filter>
    </ClCompile>
    <ClCompile Include="modules\Rendering\src\Operators\ObjReader.cpp">
      <Filter>Modules\Rendering\src\Operators</Filter>
    </ClCompile>
    <ClCompile Include="modules\Rendering\src\Operators\ShaderLoader.cpp">
      <Filter>Modules\Rendering\src\Operators</Filter>
    </ClCompile>
    <ClCompile Include="modules\Rendering\src\Operators\Utility.cpp">
      <Filter>Modules\Rendering\src\Operators</Filter>
    </ClCompile>
    <ClCompile Include="modules\Rendering\src\Operators\ViewerUtility.cpp">
      <Filter>Modules\Rendering\src\Operators</Filter>
    </ClCompile>
  </ItemGroup>
</Project>