<?xml version="1.0" encoding="utf-8"?>
<Project ToolsVersion="4.0" xmlns="http://schemas.microsoft.com/developer/msbuild/2003">
  <ItemGroup>
    <Filter Include="Src">
      <UniqueIdentifier>{4FC737F1-C7A5-4376-A066-2A32D752A2FF}</UniqueIdentifier>
      <Extensions>cpp;c;cc;cxx;def;odl;idl;hpj;bat;asm;asmx</Extensions>
    </Filter>
    <Filter Include="Src\GUI">
      <UniqueIdentifier>{389209c6-bd82-4ff8-a64f-23023c1f6efe}</UniqueIdentifier>
    </Filter>
    <Filter Include="Src\GUI\Core">
      <UniqueIdentifier>{3410de09-9f9c-4482-80f6-c9a2fa3ce830}</UniqueIdentifier>
    </Filter>
    <Filter Include="Src\Rendering">
      <UniqueIdentifier>{642d5332-83a4-45b8-817f-7c6a80cd8f88}</UniqueIdentifier>
    </Filter>
    <Filter Include="Src\Rendering\Core">
      <UniqueIdentifier>{f30ff51d-fce8-4953-a541-5fbd8c47bc61}</UniqueIdentifier>
    </Filter>
    <Filter Include="Src\Rendering\Model">
      <UniqueIdentifier>{ab00264f-5291-4308-8a35-271961b9bc3a}</UniqueIdentifier>
    </Filter>
    <Filter Include="Src\Rendering\Operators">
      <UniqueIdentifier>{81b6a685-bb2b-44d6-99f5-6b248a267a47}</UniqueIdentifier>
    </Filter>
    <Filter Include="Src\Rendering\Shaders">
      <UniqueIdentifier>{36ce80ae-760b-4682-b9fb-3992a44d9d63}</UniqueIdentifier>
    </Filter>
    <Filter Include="Src\MeshEditor">
      <UniqueIdentifier>{6c1b3bc1-c78f-4787-8f40-53cfe8ec3832}</UniqueIdentifier>
    </Filter>
    <Filter Include="Src\MeshEditor\Core">
      <UniqueIdentifier>{90928d91-1b16-44c6-a272-e2bbf2419325}</UniqueIdentifier>
    </Filter>
    <Filter Include="Src\MeshEditor\Views">
      <UniqueIdentifier>{60f038bf-5412-46e0-883a-b214792f07df}</UniqueIdentifier>
    </Filter>
    <Filter Include="Src\MeshEditor\Controllers">
      <UniqueIdentifier>{de71ae4f-2f38-4986-ac30-c31a75b4ac95}</UniqueIdentifier>
    </Filter>
    <Filter Include="Src\GUI\Interfaces">
      <UniqueIdentifier>{c2729315-cd4b-4142-bf6b-8a9653a42c65}</UniqueIdentifier>
    </Filter>
  </ItemGroup>
  <ItemGroup>
    <ClInclude Include="src\Rendering\Core\MeshRenderer.h">
      <Filter>Src\Rendering\Core</Filter>
    </ClInclude>
    <ClInclude Include="src\Rendering\Model\Vertex.h">
      <Filter>Src\Rendering\Model</Filter>
    </ClInclude>
    <ClInclude Include="src\Rendering\Model\Face.h">
      <Filter>Src\Rendering\Model</Filter>
    </ClInclude>
    <ClInclude Include="src\Rendering\Model\HalfEdge.h">
      <Filter>Src\Rendering\Model</Filter>
    </ClInclude>
    <ClInclude Include="src\Rendering\Model\Mesh.h">
      <Filter>Src\Rendering\Model</Filter>
    </ClInclude>
    <ClInclude Include="src\Rendering\Operators\ViewerUtility.h">
      <Filter>Src\Rendering\Operators</Filter>
    </ClInclude>
    <ClInclude Include="src\Rendering\Operators\MeshConverter.h">
      <Filter>Src\Rendering\Operators</Filter>
    </ClInclude>
    <ClInclude Include="src\Rendering\Operators\MeshTransformation.h">
      <Filter>Src\Rendering\Operators</Filter>
    </ClInclude>
    <ClInclude Include="src\Rendering\Operators\ObjReader.h">
      <Filter>Src\Rendering\Operators</Filter>
    </ClInclude>
    <ClInclude Include="src\GUI\Interfaces\Window.h">
      <Filter>Src\GUI\Interfaces</Filter>
    </ClInclude>
    <ClInclude Include="src\GUI\Interfaces\WindowManager.h">
      <Filter>Src\GUI\Interfaces</Filter>
    </ClInclude>
    <ClInclude Include="src\Rendering\Operators\Utility.h">
      <Filter>Src\Rendering\Operators</Filter>
    </ClInclude>
    <ClInclude Include="src\GUI\Core\GlfwWindow.h">
      <Filter>Src\GUI\Core</Filter>
    </ClInclude>
    <ClInclude Include="src\GUI\Core\GlfwWindowManager.h">
      <Filter>Src\GUI\Core</Filter>
    </ClInclude>
    <ClInclude Include="src\GUI\Core\ImGuiDialog.h">
      <Filter>Src\GUI\Core</Filter>
    </ClInclude>
    <ClInclude Include="src\GUI\Interfaces\Dialog.h">
      <Filter>Src\GUI\Interfaces</Filter>
    </ClInclude>
    <ClInclude Include="src\GUI\Interfaces\Panel.h">
      <Filter>Src\GUI\Interfaces</Filter>
    </ClInclude>
    <ClInclude Include="src\MeshEditor\Views\MeshDialog.h">
      <Filter>Src\MeshEditor\Views</Filter>
    </ClInclude>
    <ClInclude Include="src\GUI\Interfaces\MouseListener.h">
      <Filter>Src\GUI\Interfaces</Filter>
    </ClInclude>
    <ClInclude Include="src\Rendering\Operators\ShaderLoader.h">
      <Filter>Src\Rendering\Operators</Filter>
    </ClInclude>
    <ClInclude Include="src\MeshEditor\Views\MeshEditorPanel.h">
      <Filter>Src\MeshEditor\Views</Filter>
    </ClInclude>
    <ClInclude Include="src\MeshEditor\Controllers\CameraController.h">
      <Filter>Src\MeshEditor\Controllers</Filter>
    </ClInclude>
    <ClInclude Include="src\MeshEditor\Controllers\MeshEditorController.h">
      <Filter>Src\MeshEditor\Controllers</Filter>
    </ClInclude>
    <ClInclude Include="src\MeshEditor\Views\FilePanel.h">
      <Filter>Src\MeshEditor\Views</Filter>
    </ClInclude>
    <ClInclude Include="src\MeshEditor\Controllers\FileController.h">
      <Filter>Src\MeshEditor\Controllers</Filter>
    </ClInclude>
    <ClInclude Include="src\GUI\Interfaces\WindowListener.h">
      <Filter>Src\GUI\Interfaces</Filter>
    </ClInclude>
  </ItemGroup>
  <ItemGroup>
    <ClCompile Include="src\Rendering\Core\MeshRenderer.cpp">
      <Filter>Src\Rendering\Core</Filter>
    </ClCompile>
    <ClCompile Include="src\Rendering\Model\Face.cpp">
      <Filter>Src\Rendering\Model</Filter>
    </ClCompile>
    <ClCompile Include="src\Rendering\Model\HalfEdge.cpp">
      <Filter>Src\Rendering\Model</Filter>
    </ClCompile>
    <ClCompile Include="src\Rendering\Model\Mesh.cpp">
      <Filter>Src\Rendering\Model</Filter>
    </ClCompile>
    <ClCompile Include="src\Rendering\Model\Vertex.cpp">
      <Filter>Src\Rendering\Model</Filter>
    </ClCompile>
    <ClCompile Include="src\Rendering\Operators\MeshConverter.cpp">
      <Filter>Src\Rendering\Operators</Filter>
    </ClCompile>
    <ClCompile Include="src\Rendering\Operators\MeshTransformation.cpp">
      <Filter>Src\Rendering\Operators</Filter>
    </ClCompile>
    <ClCompile Include="src\Rendering\Operators\ObjReader.cpp">
      <Filter>Src\Rendering\Operators</Filter>
    </ClCompile>
    <ClCompile Include="src\Rendering\Operators\ViewerUtility.cpp">
      <Filter>Src\Rendering\Operators</Filter>
    </ClCompile>
    <ClCompile Include="src\GUI\Interfaces\Window.cpp">
      <Filter>Src\GUI\Interfaces</Filter>
    </ClCompile>
    <ClCompile Include="src\GUI\Interfaces\WindowManager.cpp">
      <Filter>Src\GUI\Interfaces</Filter>
    </ClCompile>
    <ClCompile Include="src\MeshEditor\Core\main.cpp">
      <Filter>Src\MeshEditor\Core</Filter>
    </ClCompile>
    <ClCompile Include="src\Rendering\Operators\Utility.cpp">
      <Filter>Src\Rendering\Operators</Filter>
    </ClCompile>
    <ClCompile Include="src\GUI\Core\GlfwWindow.cpp">
      <Filter>Src\GUI\Core</Filter>
    </ClCompile>
    <ClCompile Include="src\GUI\Core\GlfwWindowManager.cpp">
      <Filter>Src\GUI\Core</Filter>
    </ClCompile>
    <ClCompile Include="src\GUI\Core\ImGuiDialog.cpp">
      <Filter>Src\GUI\Core</Filter>
    </ClCompile>
    <ClCompile Include="src\GUI\Interfaces\Dialog.cpp">
      <Filter>Src\GUI\Interfaces</Filter>
    </ClCompile>
    <ClCompile Include="src\GUI\Interfaces\Panel.cpp">
      <Filter>Src\GUI\Interfaces</Filter>
    </ClCompile>
    <ClCompile Include="src\MeshEditor\Views\MeshDialog.cpp">
      <Filter>Src\MeshEditor\Views</Filter>
    </ClCompile>
    <ClCompile Include="src\Rendering\Operators\ShaderLoader.cpp">
      <Filter>Src\Rendering\Operators</Filter>
    </ClCompile>
    <ClCompile Include="src\MeshEditor\Views\MeshEditorPanel.cpp">
      <Filter>Src\MeshEditor\Views</Filter>
    </ClCompile>
    <ClCompile Include="src\MeshEditor\Controllers\CameraController.cpp">
      <Filter>Src\MeshEditor\Controllers</Filter>
    </ClCompile>
    <ClCompile Include="src\MeshEditor\Controllers\MeshEditorController.cpp">
      <Filter>Src\MeshEditor\Controllers</Filter>
    </ClCompile>
    <ClCompile Include="src\MeshEditor\Views\FilePanel.cpp">
      <Filter>Src\MeshEditor\Views</Filter>
    </ClCompile>
    <ClCompile Include="src\MeshEditor\Controllers\FileController.cpp">
      <Filter>Src\MeshEditor\Controllers</Filter>
    </ClCompile>
  </ItemGroup>
  <ItemGroup>
    <None Include="src\Rendering\Shaders\vertexShader.glsl">
      <Filter>Src\Rendering\Shaders</Filter>
    </None>
    <None Include="src\Rendering\Shaders\fragmentShader.glsl">
      <Filter>Src\Rendering\Shaders</Filter>
    </None>
    <None Include="src\Rendering\Shaders\geometryShader.glsl">
      <Filter>Src\Rendering\Shaders</Filter>
    </None>
    <None Include="Makefile" />
  </ItemGroup>
</Project>